// !$*UTF8*$!
{
	archiveVersion = 1;
	classes = {
	};
	objectVersion = 50;
	objects = {

/* Begin PBXBuildFile section */
		C85C55DD263F1E8B005B66F9 /* AppDelegate.swift in Sources */ = {isa = PBXBuildFile; fileRef = C85C55DC263F1E8B005B66F9 /* AppDelegate.swift */; };
		C85C55DF263F1E8B005B66F9 /* SceneDelegate.swift in Sources */ = {isa = PBXBuildFile; fileRef = C85C55DE263F1E8B005B66F9 /* SceneDelegate.swift */; };
		C85C55E1263F1E8B005B66F9 /* ViewController.swift in Sources */ = {isa = PBXBuildFile; fileRef = C85C55E0263F1E8B005B66F9 /* ViewController.swift */; };
		C85C55E4263F1E8B005B66F9 /* Main.storyboard in Resources */ = {isa = PBXBuildFile; fileRef = C85C55E2263F1E8B005B66F9 /* Main.storyboard */; };
		C85C55E6263F1E8E005B66F9 /* Assets.xcassets in Resources */ = {isa = PBXBuildFile; fileRef = C85C55E5263F1E8E005B66F9 /* Assets.xcassets */; };
		C85C55E9263F1E8E005B66F9 /* LaunchScreen.storyboard in Resources */ = {isa = PBXBuildFile; fileRef = C85C55E7263F1E8E005B66F9 /* LaunchScreen.storyboard */; };
		C85C55F4263F1E8E005B66F9 /* ParstagramTests.swift in Sources */ = {isa = PBXBuildFile; fileRef = C85C55F3263F1E8E005B66F9 /* ParstagramTests.swift */; };
		C85C55FF263F1E8E005B66F9 /* ParstagramUITests.swift in Sources */ = {isa = PBXBuildFile; fileRef = C85C55FE263F1E8E005B66F9 /* ParstagramUITests.swift */; };
/* End PBXBuildFile section */

/* Begin PBXContainerItemProxy section */
		C85C55F0263F1E8E005B66F9 /* PBXContainerItemProxy */ = {
			isa = PBXContainerItemProxy;
			containerPortal = C85C55D1263F1E8B005B66F9 /* Project object */;
			proxyType = 1;
			remoteGlobalIDString = C85C55D8263F1E8B005B66F9;
			remoteInfo = Parstagram;
		};
		C85C55FB263F1E8E005B66F9 /* PBXContainerItemProxy */ = {
			isa = PBXContainerItemProxy;
			containerPortal = C85C55D1263F1E8B005B66F9 /* Project object */;
			proxyType = 1;
			remoteGlobalIDString = C85C55D8263F1E8B005B66F9;
			remoteInfo = Parstagram;
		};
/* End PBXContainerItemProxy section */

/* Begin PBXFileReference section */
		C85C55D9263F1E8B005B66F9 /* Parstagram.app */ = {isa = PBXFileReference; explicitFileType = wrapper.application; includeInIndex = 0; path = Parstagram.app; sourceTree = BUILT_PRODUCTS_DIR; };
		C85C55DC263F1E8B005B66F9 /* AppDelegate.swift */ = {isa = PBXFileReference; lastKnownFileType = sourcecode.swift; path = AppDelegate.swift; sourceTree = "<group>"; };
		C85C55DE263F1E8B005B66F9 /* SceneDelegate.swift */ = {isa = PBXFileReference; lastKnownFileType = sourcecode.swift; path = SceneDelegate.swift; sourceTree = "<group>"; };
		C85C55E0263F1E8B005B66F9 /* ViewController.swift */ = {isa = PBXFileReference; lastKnownFileType = sourcecode.swift; path = ViewController.swift; sourceTree = "<group>"; };
		C85C55E3263F1E8B005B66F9 /* Base */ = {isa = PBXFileReference; lastKnownFileType = file.storyboard; name = Base; path = Base.lproj/Main.storyboard; sourceTree = "<group>"; };
		C85C55E5263F1E8E005B66F9 /* Assets.xcassets */ = {isa = PBXFileReference; lastKnownFileType = folder.assetcatalog; path = Assets.xcassets; sourceTree = "<group>"; };
		C85C55E8263F1E8E005B66F9 /* Base */ = {isa = PBXFileReference; lastKnownFileType = file.storyboard; name = Base; path = Base.lproj/LaunchScreen.storyboard; sourceTree = "<group>"; };
		C85C55EA263F1E8E005B66F9 /* Info.plist */ = {isa = PBXFileReference; lastKnownFileType = text.plist.xml; path = Info.plist; sourceTree = "<group>"; };
		C85C55EF263F1E8E005B66F9 /* ParstagramTests.xctest */ = {isa = PBXFileReference; explicitFileType = wrapper.cfbundle; includeInIndex = 0; path = ParstagramTests.xctest; sourceTree = BUILT_PRODUCTS_DIR; };
		C85C55F3263F1E8E005B66F9 /* ParstagramTests.swift */ = {isa = PBXFileReference; lastKnownFileType = sourcecode.swift; path = ParstagramTests.swift; sourceTree = "<group>"; };
		C85C55F5263F1E8E005B66F9 /* Info.plist */ = {isa = PBXFileReference; lastKnownFileType = text.plist.xml; path = Info.plist; sourceTree = "<group>"; };
		C85C55FA263F1E8E005B66F9 /* ParstagramUITests.xctest */ = {isa = PBXFileReference; explicitFileType = wrapper.cfbundle; includeInIndex = 0; path = ParstagramUITests.xctest; sourceTree = BUILT_PRODUCTS_DIR; };
		C85C55FE263F1E8E005B66F9 /* ParstagramUITests.swift */ = {isa = PBXFileReference; lastKnownFileType = sourcecode.swift; path = ParstagramUITests.swift; sourceTree = "<group>"; };
		C85C5600263F1E8E005B66F9 /* Info.plist */ = {isa = PBXFileReference; lastKnownFileType = text.plist.xml; path = Info.plist; sourceTree = "<group>"; };
/* End PBXFileReference section */

/* Begin PBXFrameworksBuildPhase section */
		C85C55D6263F1E8B005B66F9 /* Frameworks */ = {
			isa = PBXFrameworksBuildPhase;
			buildActionMask = 2147483647;
			files = (
			);
			runOnlyForDeploymentPostprocessing = 0;
		};
		C85C55EC263F1E8E005B66F9 /* Frameworks */ = {
			isa = PBXFrameworksBuildPhase;
			buildActionMask = 2147483647;
			files = (
			);
			runOnlyForDeploymentPostprocessing = 0;
		};
		C85C55F7263F1E8E005B66F9 /* Frameworks */ = {
			isa = PBXFrameworksBuildPhase;
			buildActionMask = 2147483647;
			files = (
			);
			runOnlyForDeploymentPostprocessing = 0;
		};
/* End PBXFrameworksBuildPhase section */

/* Begin PBXGroup section */
		C85C55D0263F1E8B005B66F9 = {
			isa = PBXGroup;
			children = (
				C85C55DB263F1E8B005B66F9 /* Parstagram */,
				C85C55F2263F1E8E005B66F9 /* ParstagramTests */,
				C85C55FD263F1E8E005B66F9 /* ParstagramUITests */,
				C85C55DA263F1E8B005B66F9 /* Products */,
			);
			sourceTree = "<group>";
		};
		C85C55DA263F1E8B005B66F9 /* Products */ = {
			isa = PBXGroup;
			children = (
				C85C55D9263F1E8B005B66F9 /* Parstagram.app */,
				C85C55EF263F1E8E005B66F9 /* ParstagramTests.xctest */,
				C85C55FA263F1E8E005B66F9 /* ParstagramUITests.xctest */,
			);
			name = Products;
			sourceTree = "<group>";
		};
		C85C55DB263F1E8B005B66F9 /* Parstagram */ = {
			isa = PBXGroup;
			children = (
				C85C55DC263F1E8B005B66F9 /* AppDelegate.swift */,
				C85C55DE263F1E8B005B66F9 /* SceneDelegate.swift */,
				C85C55E0263F1E8B005B66F9 /* ViewController.swift */,
				C85C55E2263F1E8B005B66F9 /* Main.storyboard */,
				C85C55E5263F1E8E005B66F9 /* Assets.xcassets */,
				C85C55E7263F1E8E005B66F9 /* LaunchScreen.storyboard */,
				C85C55EA263F1E8E005B66F9 /* Info.plist */,
			);
			path = Parstagram;
			sourceTree = "<group>";
		};
		C85C55F2263F1E8E005B66F9 /* ParstagramTests */ = {
			isa = PBXGroup;
			children = (
				C85C55F3263F1E8E005B66F9 /* ParstagramTests.swift */,
				C85C55F5263F1E8E005B66F9 /* Info.plist */,
			);
			path = ParstagramTests;
			sourceTree = "<group>";
		};
		C85C55FD263F1E8E005B66F9 /* ParstagramUITests */ = {
			isa = PBXGroup;
			children = (
				C85C55FE263F1E8E005B66F9 /* ParstagramUITests.swift */,
				C85C5600263F1E8E005B66F9 /* Info.plist */,
			);
			path = ParstagramUITests;
			sourceTree = "<group>";
		};
/* End PBXGroup section */

/* Begin PBXNativeTarget section */
		C85C55D8263F1E8B005B66F9 /* Parstagram */ = {
			isa = PBXNativeTarget;
			buildConfigurationList = C85C5603263F1E8E005B66F9 /* Build configuration list for PBXNativeTarget "Parstagram" */;
			buildPhases = (
				C85C55D5263F1E8B005B66F9 /* Sources */,
				C85C55D6263F1E8B005B66F9 /* Frameworks */,
				C85C55D7263F1E8B005B66F9 /* Resources */,
			);
			buildRules = (
			);
			dependencies = (
			);
			name = Parstagram;
			productName = Parstagram;
			productReference = C85C55D9263F1E8B005B66F9 /* Parstagram.app */;
			productType = "com.apple.product-type.application";
		};
		C85C55EE263F1E8E005B66F9 /* ParstagramTests */ = {
			isa = PBXNativeTarget;
			buildConfigurationList = C85C5606263F1E8E005B66F9 /* Build configuration list for PBXNativeTarget "ParstagramTests" */;
			buildPhases = (
				C85C55EB263F1E8E005B66F9 /* Sources */,
				C85C55EC263F1E8E005B66F9 /* Frameworks */,
				C85C55ED263F1E8E005B66F9 /* Resources */,
			);
			buildRules = (
			);
			dependencies = (
				C85C55F1263F1E8E005B66F9 /* PBXTargetDependency */,
			);
			name = ParstagramTests;
			productName = ParstagramTests;
			productReference = C85C55EF263F1E8E005B66F9 /* ParstagramTests.xctest */;
			productType = "com.apple.product-type.bundle.unit-test";
		};
		C85C55F9263F1E8E005B66F9 /* ParstagramUITests */ = {
			isa = PBXNativeTarget;
			buildConfigurationList = C85C5609263F1E8E005B66F9 /* Build configuration list for PBXNativeTarget "ParstagramUITests" */;
			buildPhases = (
				C85C55F6263F1E8E005B66F9 /* Sources */,
				C85C55F7263F1E8E005B66F9 /* Frameworks */,
				C85C55F8263F1E8E005B66F9 /* Resources */,
			);
			buildRules = (
			);
			dependencies = (
				C85C55FC263F1E8E005B66F9 /* PBXTargetDependency */,
			);
			name = ParstagramUITests;
			productName = ParstagramUITests;
			productReference = C85C55FA263F1E8E005B66F9 /* ParstagramUITests.xctest */;
			productType = "com.apple.product-type.bundle.ui-testing";
		};
/* End PBXNativeTarget section */

/* Begin PBXProject section */
		C85C55D1263F1E8B005B66F9 /* Project object */ = {
			isa = PBXProject;
			attributes = {
				LastSwiftUpdateCheck = 1200;
				LastUpgradeCheck = 1200;
				TargetAttributes = {
					C85C55D8263F1E8B005B66F9 = {
						CreatedOnToolsVersion = 12.0.1;
					};
					C85C55EE263F1E8E005B66F9 = {
						CreatedOnToolsVersion = 12.0.1;
						TestTargetID = C85C55D8263F1E8B005B66F9;
					};
					C85C55F9263F1E8E005B66F9 = {
						CreatedOnToolsVersion = 12.0.1;
						TestTargetID = C85C55D8263F1E8B005B66F9;
					};
				};
			};
			buildConfigurationList = C85C55D4263F1E8B005B66F9 /* Build configuration list for PBXProject "Parstagram" */;
			compatibilityVersion = "Xcode 9.3";
			developmentRegion = en;
			hasScannedForEncodings = 0;
			knownRegions = (
				en,
				Base,
			);
			mainGroup = C85C55D0263F1E8B005B66F9;
			productRefGroup = C85C55DA263F1E8B005B66F9 /* Products */;
			projectDirPath = "";
			projectRoot = "";
			targets = (
				C85C55D8263F1E8B005B66F9 /* Parstagram */,
				C85C55EE263F1E8E005B66F9 /* ParstagramTests */,
				C85C55F9263F1E8E005B66F9 /* ParstagramUITests */,
			);
		};
/* End PBXProject section */

/* Begin PBXResourcesBuildPhase section */
		C85C55D7263F1E8B005B66F9 /* Resources */ = {
			isa = PBXResourcesBuildPhase;
			buildActionMask = 2147483647;
			files = (
				C85C55E9263F1E8E005B66F9 /* LaunchScreen.storyboard in Resources */,
				C85C55E6263F1E8E005B66F9 /* Assets.xcassets in Resources */,
				C85C55E4263F1E8B005B66F9 /* Main.storyboard in Resources */,
			);
			runOnlyForDeploymentPostprocessing = 0;
		};
		C85C55ED263F1E8E005B66F9 /* Resources */ = {
			isa = PBXResourcesBuildPhase;
			buildActionMask = 2147483647;
			files = (
			);
			runOnlyForDeploymentPostprocessing = 0;
		};
		C85C55F8263F1E8E005B66F9 /* Resources */ = {
			isa = PBXResourcesBuildPhase;
			buildActionMask = 2147483647;
			files = (
			);
			runOnlyForDeploymentPostprocessing = 0;
		};
/* End PBXResourcesBuildPhase section */

/* Begin PBXSourcesBuildPhase section */
		C85C55D5263F1E8B005B66F9 /* Sources */ = {
			isa = PBXSourcesBuildPhase;
			buildActionMask = 2147483647;
			files = (
				C85C55E1263F1E8B005B66F9 /* ViewController.swift in Sources */,
				C85C55DD263F1E8B005B66F9 /* AppDelegate.swift in Sources */,
				C85C55DF263F1E8B005B66F9 /* SceneDelegate.swift in Sources */,
			);
			runOnlyForDeploymentPostprocessing = 0;
		};
		C85C55EB263F1E8E005B66F9 /* Sources */ = {
			isa = PBXSourcesBuildPhase;
			buildActionMask = 2147483647;
			files = (
				C85C55F4263F1E8E005B66F9 /* ParstagramTests.swift in Sources */,
			);
			runOnlyForDeploymentPostprocessing = 0;
		};
		C85C55F6263F1E8E005B66F9 /* Sources */ = {
			isa = PBXSourcesBuildPhase;
			buildActionMask = 2147483647;
			files = (
				C85C55FF263F1E8E005B66F9 /* ParstagramUITests.swift in Sources */,
			);
			runOnlyForDeploymentPostprocessing = 0;
		};
/* End PBXSourcesBuildPhase section */

/* Begin PBXTargetDependency section */
		C85C55F1263F1E8E005B66F9 /* PBXTargetDependency */ = {
			isa = PBXTargetDependency;
			target = C85C55D8263F1E8B005B66F9 /* Parstagram */;
			targetProxy = C85C55F0263F1E8E005B66F9 /* PBXContainerItemProxy */;
		};
		C85C55FC263F1E8E005B66F9 /* PBXTargetDependency */ = {
			isa = PBXTargetDependency;
			target = C85C55D8263F1E8B005B66F9 /* Parstagram */;
			targetProxy = C85C55FB263F1E8E005B66F9 /* PBXContainerItemProxy */;
		};
/* End PBXTargetDependency section */

/* Begin PBXVariantGroup section */
		C85C55E2263F1E8B005B66F9 /* Main.storyboard */ = {
			isa = PBXVariantGroup;
			children = (
				C85C55E3263F1E8B005B66F9 /* Base */,
			);
			name = Main.storyboard;
			sourceTree = "<group>";
		};
		C85C55E7263F1E8E005B66F9 /* LaunchScreen.storyboard */ = {
			isa = PBXVariantGroup;
			children = (
				C85C55E8263F1E8E005B66F9 /* Base */,
			);
			name = LaunchScreen.storyboard;
			sourceTree = "<group>";
		};
/* End PBXVariantGroup section */

/* Begin XCBuildConfiguration section */
		C85C5601263F1E8E005B66F9 /* Debug */ = {
			isa = XCBuildConfiguration;
			buildSettings = {
				ALWAYS_SEARCH_USER_PATHS = NO;
				CLANG_ANALYZER_NONNULL = YES;
				CLANG_ANALYZER_NUMBER_OBJECT_CONVERSION = YES_AGGRESSIVE;
				CLANG_CXX_LANGUAGE_STANDARD = "gnu++14";
				CLANG_CXX_LIBRARY = "libc++";
				CLANG_ENABLE_MODULES = YES;
				CLANG_ENABLE_OBJC_ARC = YES;
				CLANG_ENABLE_OBJC_WEAK = YES;
				CLANG_WARN_BLOCK_CAPTURE_AUTORELEASING = YES;
				CLANG_WARN_BOOL_CONVERSION = YES;
				CLANG_WARN_COMMA = YES;
				CLANG_WARN_CONSTANT_CONVERSION = YES;
				CLANG_WARN_DEPRECATED_OBJC_IMPLEMENTATIONS = YES;
				CLANG_WARN_DIRECT_OBJC_ISA_USAGE = YES_ERROR;
				CLANG_WARN_DOCUMENTATION_COMMENTS = YES;
				CLANG_WARN_EMPTY_BODY = YES;
				CLANG_WARN_ENUM_CONVERSION = YES;
				CLANG_WARN_INFINITE_RECURSION = YES;
				CLANG_WARN_INT_CONVERSION = YES;
				CLANG_WARN_NON_LITERAL_NULL_CONVERSION = YES;
				CLANG_WARN_OBJC_IMPLICIT_RETAIN_SELF = YES;
				CLANG_WARN_OBJC_LITERAL_CONVERSION = YES;
				CLANG_WARN_OBJC_ROOT_CLASS = YES_ERROR;
				CLANG_WARN_QUOTED_INCLUDE_IN_FRAMEWORK_HEADER = YES;
				CLANG_WARN_RANGE_LOOP_ANALYSIS = YES;
				CLANG_WARN_STRICT_PROTOTYPES = YES;
				CLANG_WARN_SUSPICIOUS_MOVE = YES;
				CLANG_WARN_UNGUARDED_AVAILABILITY = YES_AGGRESSIVE;
				CLANG_WARN_UNREACHABLE_CODE = YES;
				CLANG_WARN__DUPLICATE_METHOD_MATCH = YES;
				COPY_PHASE_STRIP = NO;
				DEBUG_INFORMATION_FORMAT = dwarf;
				ENABLE_STRICT_OBJC_MSGSEND = YES;
				ENABLE_TESTABILITY = YES;
				GCC_C_LANGUAGE_STANDARD = gnu11;
				GCC_DYNAMIC_NO_PIC = NO;
				GCC_NO_COMMON_BLOCKS = YES;
				GCC_OPTIMIZATION_LEVEL = 0;
				GCC_PREPROCESSOR_DEFINITIONS = (
					"DEBUG=1",
					"$(inherited)",
				);
				GCC_WARN_64_TO_32_BIT_CONVERSION = YES;
				GCC_WARN_ABOUT_RETURN_TYPE = YES_ERROR;
				GCC_WARN_UNDECLARED_SELECTOR = YES;
				GCC_WARN_UNINITIALIZED_AUTOS = YES_AGGRESSIVE;
				GCC_WARN_UNUSED_FUNCTION = YES;
				GCC_WARN_UNUSED_VARIABLE = YES;
				IPHONEOS_DEPLOYMENT_TARGET = 14.0;
				MTL_ENABLE_DEBUG_INFO = INCLUDE_SOURCE;
				MTL_FAST_MATH = YES;
				ONLY_ACTIVE_ARCH = YES;
				SDKROOT = iphoneos;
				SWIFT_ACTIVE_COMPILATION_CONDITIONS = DEBUG;
				SWIFT_OPTIMIZATION_LEVEL = "-Onone";
			};
			name = Debug;
		};
		C85C5602263F1E8E005B66F9 /* Release */ = {
			isa = XCBuildConfiguration;
			buildSettings = {
				ALWAYS_SEARCH_USER_PATHS = NO;
				CLANG_ANALYZER_NONNULL = YES;
				CLANG_ANALYZER_NUMBER_OBJECT_CONVERSION = YES_AGGRESSIVE;
				CLANG_CXX_LANGUAGE_STANDARD = "gnu++14";
				CLANG_CXX_LIBRARY = "libc++";
				CLANG_ENABLE_MODULES = YES;
				CLANG_ENABLE_OBJC_ARC = YES;
				CLANG_ENABLE_OBJC_WEAK = YES;
				CLANG_WARN_BLOCK_CAPTURE_AUTORELEASING = YES;
				CLANG_WARN_BOOL_CONVERSION = YES;
				CLANG_WARN_COMMA = YES;
				CLANG_WARN_CONSTANT_CONVERSION = YES;
				CLANG_WARN_DEPRECATED_OBJC_IMPLEMENTATIONS = YES;
				CLANG_WARN_DIRECT_OBJC_ISA_USAGE = YES_ERROR;
				CLANG_WARN_DOCUMENTATION_COMMENTS = YES;
				CLANG_WARN_EMPTY_BODY = YES;
				CLANG_WARN_ENUM_CONVERSION = YES;
				CLANG_WARN_INFINITE_RECURSION = YES;
				CLANG_WARN_INT_CONVERSION = YES;
				CLANG_WARN_NON_LITERAL_NULL_CONVERSION = YES;
				CLANG_WARN_OBJC_IMPLICIT_RETAIN_SELF = YES;
				CLANG_WARN_OBJC_LITERAL_CONVERSION = YES;
				CLANG_WARN_OBJC_ROOT_CLASS = YES_ERROR;
				CLANG_WARN_QUOTED_INCLUDE_IN_FRAMEWORK_HEADER = YES;
				CLANG_WARN_RANGE_LOOP_ANALYSIS = YES;
				CLANG_WARN_STRICT_PROTOTYPES = YES;
				CLANG_WARN_SUSPICIOUS_MOVE = YES;
				CLANG_WARN_UNGUARDED_AVAILABILITY = YES_AGGRESSIVE;
				CLANG_WARN_UNREACHABLE_CODE = YES;
				CLANG_WARN__DUPLICATE_METHOD_MATCH = YES;
				COPY_PHASE_STRIP = NO;
				DEBUG_INFORMATION_FORMAT = "dwarf-with-dsym";
				ENABLE_NS_ASSERTIONS = NO;
				ENABLE_STRICT_OBJC_MSGSEND = YES;
				GCC_C_LANGUAGE_STANDARD = gnu11;
				GCC_NO_COMMON_BLOCKS = YES;
				GCC_WARN_64_TO_32_BIT_CONVERSION = YES;
				GCC_WARN_ABOUT_RETURN_TYPE = YES_ERROR;
				GCC_WARN_UNDECLARED_SELECTOR = YES;
				GCC_WARN_UNINITIALIZED_AUTOS = YES_AGGRESSIVE;
				GCC_WARN_UNUSED_FUNCTION = YES;
				GCC_WARN_UNUSED_VARIABLE = YES;
				IPHONEOS_DEPLOYMENT_TARGET = 14.0;
				MTL_ENABLE_DEBUG_INFO = NO;
				MTL_FAST_MATH = YES;
				SDKROOT = iphoneos;
				SWIFT_COMPILATION_MODE = wholemodule;
				SWIFT_OPTIMIZATION_LEVEL = "-O";
				VALIDATE_PRODUCT = YES;
			};
			name = Release;
		};
		C85C5604263F1E8E005B66F9 /* Debug */ = {
			isa = XCBuildConfiguration;
			buildSettings = {
				ASSETCATALOG_COMPILER_APPICON_NAME = AppIcon;
				ASSETCATALOG_COMPILER_GLOBAL_ACCENT_COLOR_NAME = AccentColor;
				CODE_SIGN_STYLE = Automatic;
				INFOPLIST_FILE = Parstagram/Info.plist;
				LD_RUNPATH_SEARCH_PATHS = (
					"$(inherited)",
					"@executable_path/Frameworks",
				);
				PRODUCT_BUNDLE_IDENTIFIER = memo.com.Parstagram;
				PRODUCT_NAME = "$(TARGET_NAME)";
				SWIFT_VERSION = 5.0;
				TARGETED_DEVICE_FAMILY = "1,2";
			};
			name = Debug;
		};
		C85C5605263F1E8E005B66F9 /* Release */ = {
			isa = XCBuildConfiguration;
			buildSettings = {
				ASSETCATALOG_COMPILER_APPICON_NAME = AppIcon;
				ASSETCATALOG_COMPILER_GLOBAL_ACCENT_COLOR_NAME = AccentColor;
				CODE_SIGN_STYLE = Automatic;
				INFOPLIST_FILE = Parstagram/Info.plist;
				LD_RUNPATH_SEARCH_PATHS = (
					"$(inherited)",
					"@executable_path/Frameworks",
				);
				PRODUCT_BUNDLE_IDENTIFIER = memo.com.Parstagram;
				PRODUCT_NAME = "$(TARGET_NAME)";
				SWIFT_VERSION = 5.0;
				TARGETED_DEVICE_FAMILY = "1,2";
			};
			name = Release;
		};
		C85C5607263F1E8E005B66F9 /* Debug */ = {
			isa = XCBuildConfiguration;
			buildSettings = {
				ALWAYS_EMBED_SWIFT_STANDARD_LIBRARIES = YES;
				BUNDLE_LOADER = "$(TEST_HOST)";
				CODE_SIGN_STYLE = Automatic;
				INFOPLIST_FILE = ParstagramTests/Info.plist;
				IPHONEOS_DEPLOYMENT_TARGET = 14.0;
				LD_RUNPATH_SEARCH_PATHS = (
					"$(inherited)",
					"@executable_path/Frameworks",
					"@loader_path/Frameworks",
				);
				PRODUCT_BUNDLE_IDENTIFIER = memo.com.ParstagramTests;
				PRODUCT_NAME = "$(TARGET_NAME)";
				SWIFT_VERSION = 5.0;
				TARGETED_DEVICE_FAMILY = "1,2";
				TEST_HOST = "$(BUILT_PRODUCTS_DIR)/Parstagram.app/Parstagram";
			};
			name = Debug;
		};
		C85C5608263F1E8E005B66F9 /* Release */ = {
			isa = XCBuildConfiguration;
			buildSettings = {
				ALWAYS_EMBED_SWIFT_STANDARD_LIBRARIES = YES;
				BUNDLE_LOADER = "$(TEST_HOST)";
				CODE_SIGN_STYLE = Automatic;
				INFOPLIST_FILE = ParstagramTests/Info.plist;
				IPHONEOS_DEPLOYMENT_TARGET = 14.0;
				LD_RUNPATH_SEARCH_PATHS = (
					"$(inherited)",
					"@executable_path/Frameworks",
					"@loader_path/Frameworks",
				);
				PRODUCT_BUNDLE_IDENTIFIER = memo.com.ParstagramTests;
				PRODUCT_NAME = "$(TARGET_NAME)";
				SWIFT_VERSION = 5.0;
				TARGETED_DEVICE_FAMILY = "1,2";
				TEST_HOST = "$(BUILT_PRODUCTS_DIR)/Parstagram.app/Parstagram";
			};
			name = Release;
		};
		C85C560A263F1E8E005B66F9 /* Debug */ = {
			isa = XCBuildConfiguration;
			buildSettings = {
				ALWAYS_EMBED_SWIFT_STANDARD_LIBRARIES = YES;
				CODE_SIGN_STYLE = Automatic;
				INFOPLIST_FILE = ParstagramUITests/Info.plist;
				LD_RUNPATH_SEARCH_PATHS = (
					"$(inherited)",
					"@executable_path/Frameworks",
					"@loader_path/Frameworks",
				);
				PRODUCT_BUNDLE_IDENTIFIER = memo.com.ParstagramUITests;
				PRODUCT_NAME = "$(TARGET_NAME)";
				SWIFT_VERSION = 5.0;
				TARGETED_DEVICE_FAMILY = "1,2";
				TEST_TARGET_NAME = Parstagram;
			};
			name = Debug;
		};
		C85C560B263F1E8E005B66F9 /* Release */ = {
			isa = XCBuildConfiguration;
			buildSettings = {
				ALWAYS_EMBED_SWIFT_STANDARD_LIBRARIES = YES;
				CODE_SIGN_STYLE = Automatic;
				INFOPLIST_FILE = ParstagramUITests/Info.plist;
				LD_RUNPATH_SEARCH_PATHS = (
					"$(inherited)",
					"@executable_path/Frameworks",
					"@loader_path/Frameworks",
				);
				PRODUCT_BUNDLE_IDENTIFIER = memo.com.ParstagramUITests;
				PRODUCT_NAME = "$(TARGET_NAME)";
				SWIFT_VERSION = 5.0;
				TARGETED_DEVICE_FAMILY = "1,2";
				TEST_TARGET_NAME = Parstagram;
			};
			name = Release;
		};
/* End XCBuildConfiguration section */

/* Begin XCConfigurationList section */
		C85C55D4263F1E8B005B66F9 /* Build configuration list for PBXProject "Parstagram" */ = {
			isa = XCConfigurationList;
			buildConfigurations = (
				C85C5601263F1E8E005B66F9 /* Debug */,
				C85C5602263F1E8E005B66F9 /* Release */,
			);
			defaultConfigurationIsVisible = 0;
			defaultConfigurationName = Release;
		};
		C85C5603263F1E8E005B66F9 /* Build configuration list for PBXNativeTarget "Parstagram" */ = {
			isa = XCConfigurationList;
			buildConfigurations = (
				C85C5604263F1E8E005B66F9 /* Debug */,
				C85C5605263F1E8E005B66F9 /* Release */,
			);
			defaultConfigurationIsVisible = 0;
			defaultConfigurationName = Release;
		};
		C85C5606263F1E8E005B66F9 /* Build configuration list for PBXNativeTarget "ParstagramTests" */ = {
			isa = XCConfigurationList;
			buildConfigurations = (
				C85C5607263F1E8E005B66F9 /* Debug */,
				C85C5608263F1E8E005B66F9 /* Release */,
			);
			defaultConfigurationIsVisible = 0;
			defaultConfigurationName = Release;
		};
		C85C5609263F1E8E005B66F9 /* Build configuration list for PBXNativeTarget "ParstagramUITests" */ = {
			isa = XCConfigurationList;
			buildConfigurations = (
				C85C560A263F1E8E005B66F9 /* Debug */,
				C85C560B263F1E8E005B66F9 /* Release */,
			);
			defaultConfigurationIsVisible = 0;
			defaultConfigurationName = Release;
		};
/* End XCConfigurationList section */
	};
	rootObject = C85C55D1263F1E8B005B66F9 /* Project object */;
}
